github.com/DataDog/datadog-go v0.0.0-20161213181837-6ea09a754064 h1:5MHXwwJPoiqDX685FtqzBJzCWNzE+ItHD46BcAQ+eHw=
github.com/DataDog/datadog-go v0.0.0-20161213181837-6ea09a754064/go.mod h1:LButxg5PwREeZtORoXG3tL4fMGNddJ+vMq1mwgfaqoQ=
github.com/buaazp/fasthttprouter v0.1.1 h1:4oAnN0C3xZjylvZJdP35cxfclyn4TYkW6Y+DSvS+h8Q=
github.com/buaazp/fasthttprouter v0.1.1/go.mod h1:h/Ap5oRVLeItGKTVBb+heQPks+HdIUtGmI4H5WCYijM=
github.com/certifi/gocertifi v0.0.0-20160926115448-a61bf5eafa3a h1:zmAIZ9hpjwOsxZ/no776lftrcUR2w0lPiDq3tOBZjh4=
github.com/certifi/gocertifi v0.0.0-20160926115448-a61bf5eafa3a/go.mod h1:GJKEexRPVJrBSOjoqN5VNOIKJ5Q3RViH6eu3puDRwx4=
github.com/fsnotify/fsnotify v1.4.7 h1:IXs+QLmnXW2CcXuY+8Mzv/fWEsPGWxqefPtCP5CnV9I=
github.com/fsnotify/fsnotify v1.4.7/go.mod h1:jwhsz4b93w/PPRr/qN1Yymfu8t87LnFCMoQvtojpjFo=
github.com/getsentry/raven-go v0.0.0-20161115135411-3f7439d3e74d h1:l+MZegqjcffeVt3U7OldySISIA+wDlizPTz9Ki2u3k4=
github.com/getsentry/raven-go v0.0.0-20161115135411-3f7439d3e74d/go.mod h1:KungGk8q33+aIAZUIVWZDr2OfAEBsO49PX4NzFV5kcQ=
github.com/go-sql-driver/mysql v1.3.1-0.20161224121019-2e00b5cd7039 h1:DK/LMxBX4gKRwnvIzRfjXIhQ62KhiyLoAd7xbGYkBy4=
github.com/go-sql-driver/mysql v1.3.1-0.20161224121019-2e00b5cd7039/go.mod h1:zAC/RDZ24gD3HViQzih4MyKcchzm+sOG5ZlKdlhCg5w=
github.com/golang/protobuf v1.2.0 h1:P3YflyNX/ehuJFLhxviNdFxQPkGK5cDcApsge1SqnvM=
github.com/golang/protobuf v1.2.0/go.mod h1:6lQm79b+lXiMfvg/cZm0SGofjICqVBUtrP5yJMmIC1U=
github.com/gorilla/websocket v1.4.2 h1:+/TMaTYc4QFitKJxsQ7Yye35DkWvkdLcvGKqM+x0Ufc=
github.com/gorilla/websocket v1.4.2/go.mod h1:YR8l580nyteQvAITg2hZ9XVh4b55+EU/adAjf1fMHhE=
github.com/hpcloud/tail v1.0.0 h1:nfCOvKYfkgYP8hkirhJocXT2+zOD8yUNjXaWfTlyFKI=
github.com/hpcloud/tail v1.0.0/go.mod h1:ab1qPbhIpdTxEkNHXyeSf5vhxWSCs/tWer42PpOxQnU=
github.com/jmoiron/sqlx v0.0.0-20161209024531-cac998c4f095 h1:6uwZHp3lyVH2mZxH/NLFbfBmbra2a2VDMSN2sp5NgGc=
github.com/jmoiron/sqlx v0.0.0-20161209024531-cac998c4f095/go.mod h1:IiEW3SEiiErVyFdH8NTuWjSifiEQKUoyK3LNqr2kCHU=
github.com/klauspost/compress v1.2.2-0.20170114130832-461e8fd8397a h1:ecqXXp3gkAsll6ttp8n5lu41qpvA4rA3n34Hxmh3q/k=
github.com/klauspost/compress v1.2.2-0.20170114130832-461e8fd8397a/go.mod h1:RyIbtBH6LamlWaDj8nUwkbUhJ87Yi3uG0guNDohfE1A=
github.com/klauspost/cpuid v0.0.0-20160302075316-09cded8978dc h1:WW8B7p7QBnFlqRVv/k6ro/S8Z7tCnYjJHcQNScx9YVs=
github.com/klauspost/cpuid v0.0.0-20160302075316-09cded8978dc/go.mod h1:Pj4uuM528wm8OyEC2QMXAi2YiTZ96dNQPGgoMS4s3ek=
github.com/klauspost/crc32 v0.0.0-20161016154125-cb6bfca970f6 h1:KAZ1BW2TCmT6PRihDPpocIy1QTtsAsrx6TneU/4+CMg=
github.com/klauspost/crc32 v0.0.0-20161016154125-cb6bfca970f6/go.mod h1:+ZoRqAPRLkC4NPOvfYeR5KNOrY6TD+/sAC3HXPZgDYg=
github.com/leavengood/websocket v0.0.0-20170104145153-470559ebf58e h1:2JEp+OVtnjlh9y+HBSq3ODkTJRp0JuF9xaXreTHI/Eg=
github.com/leavengood/websocket v0.0.0-20170104145153-470559ebf58e/go.mod h1:JZYtScd6/pBBtSRVS5mVG0PVyY5ucSvSbypyR1iduRY=
github.com/lib/pq v1.3.0 h1:/qkRGz8zljWiDcFvgpwUpwIAPu3r07TDvs3Rws+o/pU=
github.com/lib/pq v1.3.0/go.mod h1:5WUZQaWbwv1U+lTReE5YruASi9Al49XbQIvNi/34Woo=
github.com/mattn/go-sqlite3 v2.0.3+incompatible h1:gXHsfypPkaMZrKbD5209QV9jbUTJKjyR5WD3HYQSd+U=
github.com/mattn/go-sqlite3 v2.0.3+incompatible/go.mod h1:FPy6KqzDD04eiIsT53CuJW3U88zkxoIYsOqkbpncsNc=
github.com/onsi/ginkgo v1.6.0/go.mod h1:lLunBs/Ym6LB5Z9jYTR76FiuTmxDTDusOGeTQH+WWjE=
github.com/onsi/ginkgo v1.12.0 h1:Iw5WCbBcaAAd0fpRb1c9r5YCylv4XDoCSigm1zLevwU=
github.com/onsi/ginkgo v1.12.0/go.mod h1:oUhWkIvk5aDxtKvDDuw8gItl8pKl42LzjC9KZE0HfGg=
github.com/onsi/gomega v1.7.1/go.mod h1:XdKZgCCFLUoM/7CFJVPcG8C1xQ1AJ0vpAezJrB7JYyY=
github.com/onsi/gomega v1.9.0 h1:R1uwffexN6Pr340GtYRIdZmAiN4J+iw6WG4wog1DUXg=
github.com/onsi/gomega v1.9.0/go.mod h1:Ho0h+IUsWyvy1OpqCwxlQ/21gkhVunqlU8fDGcoTdcA=
github.com/rcrowley/goagain v0.0.0-20140424170347-f2f192b5d1a9 h1:6AeJ2VG7ijbPJPTW2Mq+hCKQsVJBZGzwGJiIm45eHN8=
github.com/rcrowley/goagain v0.0.0-20140424170347-f2f192b5d1a9/go.mod h1:qqlCbG/0ChzjCGcnvB0Q8x3MyrWPqMCVpej81a2QH5k=
github.com/serenize/snaker v0.0.0-20161123064335-543781d2b79b h1:B6dcIy62mIVH3xZ+Alc5J4fLDWthEa1RPzK7L7/glTw=
github.com/serenize/snaker v0.0.0-20161123064335-543781d2b79b/go.mod h1:Yow6lPLSAXx2ifx470yD/nUe22Dv5vBvxK/UK9UUTVs=
github.com/thehowl/conf v0.1.1-0.20161010150023-bdfc17531a74 h1:vfl7zJdxxtCqRqPcBsNaM3FCDFd5rOBk7CmdRyBM8wY=
github.com/thehowl/conf v0.1.1-0.20161010150023-bdfc17531a74/go.mod h1:o9YvtFg3Ixu+XsNHEJNYfa+3mLUimgtSruvzx9IHKj8=
github.com/thehowl/go-osuapi v0.0.0-20161017202541-77ef7867f23c h1:XjzqRdiKRat39ILtBy0g602k96az8PuIHzUASgR7gNY=
github.com/thehowl/go-osuapi v0.0.0-20161017202541-77ef7867f23c/go.mod h1:Y+d6hzF4BM2sz5ytQmJLSImHq9dP9JS3dM4xwarFoUQ=
github.com/tmdvs/Go-Emoji-Utils v1.1.0 h1:gtPix7HZPrd49+MNDcuRLvv4xVNxCE5wgjqyuvmbyYg=
github.com/tmdvs/Go-Emoji-Utils v1.1.0/go.mod h1:J82i2WeGn+Kz+T3s5v9+i/OJlvevIVfGZ6qXgqiNWBc=
github.com/valyala/bytebufferpool v1.0.0 h1:GqA5TC/0021Y/b9FG4Oi9Mr3q7XYx6KllzawFIhcdPw=
github.com/valyala/bytebufferpool v1.0.0/go.mod h1:6bBcMArwyJ5K/AmCkWv1jt77kVWyCJ6HpOuEn7z0Csc=
github.com/valyala/fasthttp v0.0.0-20170118172047-2ada93a6dff4 h1:xAKvyhxXh0uBzDEY2hk5i2IfK5wXrh34SDLh4DqNZ7A=
github.com/valyala/fasthttp v0.0.0-20170118172047-2ada93a6dff4/go.mod h1:+g/po7GqyG5E+1CNgquiIxJnsXEi5vwFn5weFujbO78=
golang.org/x/net v0.0.0-20180906233101-161cd47e91fd h1:nTDtHvHSdCn1m6ITfMRqtOd/9+7a3s8RBNOZ3eYZzJA=
golang.org/x/net v0.0.0-20180906233101-161cd47e91fd/go.mod h1:mL1N/T3taQHkDXs73rZJwtUhF3w3ftmwwsq0BUmARs4=
golang.org/x/sync v0.0.0-20180314180146-1d60e4601c6f h1:wMNYb4v58l5UBM7MYRLPG6ZhfOqbKu7X5eyFl8ZhKvA=
golang.org/x/sync v0.0.0-20180314180146-1d60e4601c6f/go.mod h1:RxMgew5VJxzue5/jJTE5uejpjVlOe/izrB70Jof72aM=
golang.org/x/sys v0.0.0-20180909124046-d0be0721c37e/go.mod h1:STP8DvDyc/dI5b8T5hshtkjS+E42TnysNCUPdjciGhY=
golang.org/x/sys v0.0.0-20191120155948-bd437916bb0e h1:N7DeIrjYszNmSW409R3frPPwglRwMkXSBzwVbkOjLLA=
golang.org/x/sys v0.0.0-20191120155948-bd437916bb0e/go.mod h1:h1NjWce9XRLGQEsW7wpKNCjG9DtNlClVuFLEZdDNbEs=
golang.org/x/text v0.3.0 h1:g61tztE5qeGQ89tm6NTjjM9VPIm088od1l6aSorWRWg=
golang.org/x/text v0.3.0/go.mod h1:NqM8EUOU14njkJ3fqMW+pc6Ldnwhi/IjpwHt7yyuwOQ=
golang.org/x/xerrors v0.0.0-20190717185122-a985d3407aa7 h1:9zdDQZ7Thm29KFXgAX/+yaf3eVbP7djjWp/dXAppNCc=
golang.org/x/xerrors v0.0.0-20190717185122-a985d3407aa7/go.mod h1:I/5z698sn9Ka8TeJc9MKroUUfqBBauWjQqLJ2OPfmY0=
gopkg.in/check.v1 v0.0.0-20161208181325-20d25e280405 h1:yhCVgyC4o1eVCa2tZl7eS0r+SDo693bJlVdllGtEeKM=
gopkg.in/check.v1 v0.0.0-20161208181325-20d25e280405/go.mod h1:Co6ibVJAznAaIkqp8huTwlJQCZ016jof/cbN4VW5Yz0=
gopkg.in/fsnotify.v1 v1.4.7 h1:xOHLXZwVvI9hhs+cLKq5+I5onOuwQLhQwiu63xxlHs4=
gopkg.in/fsnotify.v1 v1.4.7/go.mod h1:Tz8NjZHkW78fSQdbUxIjBTcgA1z1m8ZHf0WmKUhAMys=
gopkg.in/redis.v5 v5.2.1 h1:FAJ2+937QQWp5jECvq7X4Qs2Hf04nML5w5Ql44kgz/s=
gopkg.in/redis.v5 v5.2.1/go.mod h1:6gtv0/+A4iM08kdRfocWYB3bLX2tebpNtfKlFT6H4mY=
gopkg.in/thehowl/go-osuapi.v1 v1.0.0-20161017202541-77ef7867f23c h1:QFiP+vB36n+cvo7KfjBqc3eRjfBLV+bPYHfJ4tmtpEQ=
gopkg.in/thehowl/go-osuapi.v1 v1.0.0-20161017202541-77ef7867f23c/go.mod h1:J5HQvzBoBqUS4L0fRGlyTwdj0AMib7hm7vZWnov3QHE=
gopkg.in/tomb.v1 v1.0.0-20141024135613-dd632973f1e7 h1:uRGJdciOHaEIrze2W8Q3AKkepLTh2hOroT7a+7czfdQ=
gopkg.in/tomb.v1 v1.0.0-20141024135613-dd632973f1e7/go.mod h1:dt/ZhP58zS4L8KSrWDmTeBkI65Dw0HsyUHuEVlX15mw=
gopkg.in/yaml.v2 v2.2.4 h1:/eiJrUcujPVeJ3xlSWaiNi3uSVmDGBK1pDHUHAnao1I=
gopkg.in/yaml.v2 v2.2.4/go.mod h1:hI93XBmqTisBFMUTm0b8Fm+jr3Dg1NNxqwp+5A1VGuI=
zxq.co/ripple/agplwarning v0.0.0-20180204104638-d3a3d0ee424f h1:3mu+sakmZx4sLNo9gBSKcxwKzvpJHHhw7e+Ggbt1VIQ=
zxq.co/ripple/agplwarning v0.0.0-20180204104638-d3a3d0ee424f/go.mod h1:sshTr/Z/WGWO+mj1Q/cCwFXwqa1FlWVGpYe1db98+G0=
zxq.co/ripple/ocl v0.0.0-20160518155525-b499c4fc6bcd h1:jaHPeT0hACc4JyYvvsfcAaVzEt2aa1BNIukQIchWbXU=
zxq.co/ripple/ocl v0.0.0-20160518155525-b499c4fc6bcd/go.mod h1:YagunUAfVRcfr3+9WSusjzwj7qno8fDwan+my3WrGM0=
zxq.co/ripple/playstyle v0.0.0-20200414151848-19a867db35bf h1:237RS2yap+QtOcnfJZ2x79Wq40X8vWAfN4wQTVfAgAE=
zxq.co/ripple/playstyle v0.0.0-20200414151848-19a867db35bf/go.mod h1:ByMeVpw6pHJ7JLr8m/ANnb5uGD5qcO8qwkRdU9vCNrs=
zxq.co/ripple/schiavolib v0.0.0-20161109210250-9cdc674dad07 h1:fQIulgq6BDqgUiRGn1UU29Upms+eAmZxIPuF4KZFNAU=
zxq.co/ripple/schiavolib v0.0.0-20161109210250-9cdc674dad07/go.mod h1:W6Gj7lSJNvs8oFN4bvrzoi+vcjDAEVyMfzguWzUYaok=
zxq.co/ripple/semantic-icons-ugc v0.0.0-20161123190331-82d4c266de98 h1:rAyPOt8C/6Thl7vCFzdmxrIp7hJlFefRXtTlXd7Uef8=
zxq.co/ripple/semantic-icons-ugc v0.0.0-20161123190331-82d4c266de98/go.mod h1:S0iTdeNHcAoRTLk1CC56FzpKNJ3mPhf3BIlz8OJz6SI=
zxq.co/x/getrank v0.0.0-20170418183109-97d2823cf77d h1:VaNJqleeYJFEVgIoPN01HmTDCcjHCypxmGioqmcV7+s=
zxq.co/x/getrank v0.0.0-20170418183109-97d2823cf77d/go.mod h1:F0XQ0fRj05leq/m30CIKrV7VNJFZBfYlAm2KcgzA+Sw=
